
Microsoft Visual Studio Solution File, Format Version 12.00
# Visual Studio Version 17
VisualStudioVersion = 17.0.31903.59
MinimumVisualStudioVersion = 10.0.40219.1
Project("{FAE04EC0-301F-11D3-BF4B-00C04F79EFBC}") = "AddressBook", "AddressBook.csproj", "{EA6A3CC8-E073-45B1-93CC-3B5A14E06E87}"
EndProject
Global
	GlobalSection(SolutionConfigurationPlatforms) = preSolution
		Debug|Any CPU = Debug|Any CPU
		Release|Any CPU = Release|Any CPU
	EndGlobalSection
	GlobalSection(ProjectConfigurationPlatforms) = postSolution
		{EA6A3CC8-E073-45B1-93CC-3B5A14E06E87}.Debug|Any CPU.ActiveCfg = Debug|Any CPU
		{EA6A3CC8-E073-45B1-93CC-3B5A14E06E87}.Debug|Any CPU.Build.0 = Debug|Any CPU
		{EA6A3CC8-E073-45B1-93CC-3B5A14E06E87}.Release|Any CPU.ActiveCfg = Release|Any CPU
		{EA6A3CC8-E073-45B1-93CC-3B5A14E06E87}.Release|Any CPU.Build.0 = Release|Any CPU
	EndGlobalSection
	GlobalSection(SolutionProperties) = preSolution
		HideSolutionNode = FALSE
	EndGlobalSection
	GlobalSection(ExtensibilityGlobals) = postSolution
		SolutionGuid = {CC6AE2DE-772E-4542-BC00-E278E21AD9F1}
	EndGlobalSection
EndGlobal
